
Microsoft Visual Studio Solution File, Format Version 12.00
# Visual Studio Version 17
VisualStudioVersion = 17.8.34408.163
MinimumVisualStudioVersion = 10.0.40219.1
Project("{9A19103F-16F7-4668-BE54-9A1E7A4F7556}") = "APC.ProxyServer", "APC.ProxyServer\APC.ProxyServer.csproj", "{21C96CFF-2DD8-4D06-9A79-59046819A472}"
EndProject
Project("{9A19103F-16F7-4668-BE54-9A1E7A4F7556}") = "APC.Client", "APC.Client\APC.Client.csproj", "{EB921C35-46BC-4F1E-975D-188B4B10105E}"
EndProject
Project("{9A19103F-16F7-4668-BE54-9A1E7A4F7556}") = "APC.DataModel", "APC.DataModel\APC.DataModel.csproj", "{5024CE54-FF80-4DCE-834A-543229D9848F}"
EndProject
Global
	GlobalSection(SolutionConfigurationPlatforms) = preSolution
		Debug|Any CPU = Debug|Any CPU
		Release|Any CPU = Release|Any CPU
	EndGlobalSection
	GlobalSection(ProjectConfigurationPlatforms) = postSolution
		{21C96CFF-2DD8-4D06-9A79-59046819A472}.Debug|Any CPU.ActiveCfg = Debug|Any CPU
		{21C96CFF-2DD8-4D06-9A79-59046819A472}.Debug|Any CPU.Build.0 = Debug|Any CPU
		{21C96CFF-2DD8-4D06-9A79-59046819A472}.Release|Any CPU.ActiveCfg = Release|Any CPU
		{21C96CFF-2DD8-4D06-9A79-59046819A472}.Release|Any CPU.Build.0 = Release|Any CPU
		{EB921C35-46BC-4F1E-975D-188B4B10105E}.Debug|Any CPU.ActiveCfg = Debug|Any CPU
		{EB921C35-46BC-4F1E-975D-188B4B10105E}.Debug|Any CPU.Build.0 = Debug|Any CPU
		{EB921C35-46BC-4F1E-975D-188B4B10105E}.Release|Any CPU.ActiveCfg = Release|Any CPU
		{EB921C35-46BC-4F1E-975D-188B4B10105E}.Release|Any CPU.Build.0 = Release|Any CPU
		{5024CE54-FF80-4DCE-834A-543229D9848F}.Debug|Any CPU.ActiveCfg = Debug|Any CPU
		{5024CE54-FF80-4DCE-834A-543229D9848F}.Debug|Any CPU.Build.0 = Debug|Any CPU
		{5024CE54-FF80-4DCE-834A-543229D9848F}.Release|Any CPU.ActiveCfg = Release|Any CPU
		{5024CE54-FF80-4DCE-834A-543229D9848F}.Release|Any CPU.Build.0 = Release|Any CPU
	EndGlobalSection
	GlobalSection(SolutionProperties) = preSolution
		HideSolutionNode = FALSE
	EndGlobalSection
	GlobalSection(ExtensibilityGlobals) = postSolution
		SolutionGuid = {1DB40FA8-21FF-4B73-9BDA-8F2173D60FBB}
	EndGlobalSection
EndGlobal
